
Microsoft Visual Studio Solution File, Format Version 12.00
# Visual Studio Version 17
VisualStudioVersion = 17.0.31903.59
MinimumVisualStudioVersion = 10.0.40219.1
Project("{2150E333-8FDC-42A3-9474-1A3956D46DE8}") = "src", "src", "{827E0CD3-B72D-47B6-A68D-7590B98EB39B}"
EndProject
Project("{FAE04EC0-301F-11D3-BF4B-00C04F79EFBC}") = "ADOPipelineComparator.Core", "src\ADOPipelineComparator.Core\ADOPipelineComparator.Core.csproj", "{E0F25441-4A31-4C58-90F0-7CA97C026418}"
EndProject
Project("{FAE04EC0-301F-11D3-BF4B-00C04F79EFBC}") = "ADOPipelineComparator.Data", "src\ADOPipelineComparator.Data\ADOPipelineComparator.Data.csproj", "{12601929-63AB-4C89-ADEC-00435F890ECC}"
EndProject
Project("{FAE04EC0-301F-11D3-BF4B-00C04F79EFBC}") = "ADOPipelineComparator.Web", "src\ADOPipelineComparator.Web\ADOPipelineComparator.Web.csproj", "{A4DD3540-9F33-4D38-A995-E7C06D56E868}"
EndProject
Project("{FAE04EC0-301F-11D3-BF4B-00C04F79EFBC}") = "ADOPipelineComparator.Tests", "src\ADOPipelineComparator.Tests\ADOPipelineComparator.Tests.csproj", "{1D113EB2-1856-4B24-8BA6-54195E727A27}"
EndProject
Project("{FAE04EC0-301F-11D3-BF4B-00C04F79EFBC}") = "ADOPipelineComparator.E2E", "src\ADOPipelineComparator.E2E\ADOPipelineComparator.E2E.csproj", "{F970991A-C3AA-4605-A99E-3E2B9A93943F}"
EndProject
Global
	GlobalSection(SolutionConfigurationPlatforms) = preSolution
		Debug|Any CPU = Debug|Any CPU
		Debug|x64 = Debug|x64
		Debug|x86 = Debug|x86
		Release|Any CPU = Release|Any CPU
		Release|x64 = Release|x64
		Release|x86 = Release|x86
	EndGlobalSection
	GlobalSection(ProjectConfigurationPlatforms) = postSolution
		{E0F25441-4A31-4C58-90F0-7CA97C026418}.Debug|Any CPU.ActiveCfg = Debug|Any CPU
		{E0F25441-4A31-4C58-90F0-7CA97C026418}.Debug|Any CPU.Build.0 = Debug|Any CPU
		{E0F25441-4A31-4C58-90F0-7CA97C026418}.Debug|x64.ActiveCfg = Debug|Any CPU
		{E0F25441-4A31-4C58-90F0-7CA97C026418}.Debug|x64.Build.0 = Debug|Any CPU
		{E0F25441-4A31-4C58-90F0-7CA97C026418}.Debug|x86.ActiveCfg = Debug|Any CPU
		{E0F25441-4A31-4C58-90F0-7CA97C026418}.Debug|x86.Build.0 = Debug|Any CPU
		{E0F25441-4A31-4C58-90F0-7CA97C026418}.Release|Any CPU.ActiveCfg = Release|Any CPU
		{E0F25441-4A31-4C58-90F0-7CA97C026418}.Release|Any CPU.Build.0 = Release|Any CPU
		{E0F25441-4A31-4C58-90F0-7CA97C026418}.Release|x64.ActiveCfg = Release|Any CPU
		{E0F25441-4A31-4C58-90F0-7CA97C026418}.Release|x64.Build.0 = Release|Any CPU
		{E0F25441-4A31-4C58-90F0-7CA97C026418}.Release|x86.ActiveCfg = Release|Any CPU
		{E0F25441-4A31-4C58-90F0-7CA97C026418}.Release|x86.Build.0 = Release|Any CPU
		{12601929-63AB-4C89-ADEC-00435F890ECC}.Debug|Any CPU.ActiveCfg = Debug|Any CPU
		{12601929-63AB-4C89-ADEC-00435F890ECC}.Debug|Any CPU.Build.0 = Debug|Any CPU
		{12601929-63AB-4C89-ADEC-00435F890ECC}.Debug|x64.ActiveCfg = Debug|Any CPU
		{12601929-63AB-4C89-ADEC-00435F890ECC}.Debug|x64.Build.0 = Debug|Any CPU
		{12601929-63AB-4C89-ADEC-00435F890ECC}.Debug|x86.ActiveCfg = Debug|Any CPU
		{12601929-63AB-4C89-ADEC-00435F890ECC}.Debug|x86.Build.0 = Debug|Any CPU
		{12601929-63AB-4C89-ADEC-00435F890ECC}.Release|Any CPU.ActiveCfg = Release|Any CPU
		{12601929-63AB-4C89-ADEC-00435F890ECC}.Release|Any CPU.Build.0 = Release|Any CPU
		{12601929-63AB-4C89-ADEC-00435F890ECC}.Release|x64.ActiveCfg = Release|Any CPU
		{12601929-63AB-4C89-ADEC-00435F890ECC}.Release|x64.Build.0 = Release|Any CPU
		{12601929-63AB-4C89-ADEC-00435F890ECC}.Release|x86.ActiveCfg = Release|Any CPU
		{12601929-63AB-4C89-ADEC-00435F890ECC}.Release|x86.Build.0 = Release|Any CPU
		{A4DD3540-9F33-4D38-A995-E7C06D56E868}.Debug|Any CPU.ActiveCfg = Debug|Any CPU
		{A4DD3540-9F33-4D38-A995-E7C06D56E868}.Debug|Any CPU.Build.0 = Debug|Any CPU
		{A4DD3540-9F33-4D38-A995-E7C06D56E868}.Debug|x64.ActiveCfg = Debug|Any CPU
		{A4DD3540-9F33-4D38-A995-E7C06D56E868}.Debug|x64.Build.0 = Debug|Any CPU
		{A4DD3540-9F33-4D38-A995-E7C06D56E868}.Debug|x86.ActiveCfg = Debug|Any CPU
		{A4DD3540-9F33-4D38-A995-E7C06D56E868}.Debug|x86.Build.0 = Debug|Any CPU
		{A4DD3540-9F33-4D38-A995-E7C06D56E868}.Release|Any CPU.ActiveCfg = Release|Any CPU
		{A4DD3540-9F33-4D38-A995-E7C06D56E868}.Release|Any CPU.Build.0 = Release|Any CPU
		{A4DD3540-9F33-4D38-A995-E7C06D56E868}.Release|x64.ActiveCfg = Release|Any CPU
		{A4DD3540-9F33-4D38-A995-E7C06D56E868}.Release|x64.Build.0 = Release|Any CPU
		{A4DD3540-9F33-4D38-A995-E7C06D56E868}.Release|x86.ActiveCfg = Release|Any CPU
		{A4DD3540-9F33-4D38-A995-E7C06D56E868}.Release|x86.Build.0 = Release|Any CPU
		{1D113EB2-1856-4B24-8BA6-54195E727A27}.Debug|Any CPU.ActiveCfg = Debug|Any CPU
		{1D113EB2-1856-4B24-8BA6-54195E727A27}.Debug|Any CPU.Build.0 = Debug|Any CPU
		{1D113EB2-1856-4B24-8BA6-54195E727A27}.Debug|x64.ActiveCfg = Debug|Any CPU
		{1D113EB2-1856-4B24-8BA6-54195E727A27}.Debug|x64.Build.0 = Debug|Any CPU
		{1D113EB2-1856-4B24-8BA6-54195E727A27}.Debug|x86.ActiveCfg = Debug|Any CPU
		{1D113EB2-1856-4B24-8BA6-54195E727A27}.Debug|x86.Build.0 = Debug|Any CPU
		{1D113EB2-1856-4B24-8BA6-54195E727A27}.Release|Any CPU.ActiveCfg = Release|Any CPU
		{1D113EB2-1856-4B24-8BA6-54195E727A27}.Release|Any CPU.Build.0 = Release|Any CPU
		{1D113EB2-1856-4B24-8BA6-54195E727A27}.Release|x64.ActiveCfg = Release|Any CPU
		{1D113EB2-1856-4B24-8BA6-54195E727A27}.Release|x64.Build.0 = Release|Any CPU
		{1D113EB2-1856-4B24-8BA6-54195E727A27}.Release|x86.ActiveCfg = Release|Any CPU
		{1D113EB2-1856-4B24-8BA6-54195E727A27}.Release|x86.Build.0 = Release|Any CPU
		{F970991A-C3AA-4605-A99E-3E2B9A93943F}.Debug|Any CPU.ActiveCfg = Debug|Any CPU
		{F970991A-C3AA-4605-A99E-3E2B9A93943F}.Debug|Any CPU.Build.0 = Debug|Any CPU
		{F970991A-C3AA-4605-A99E-3E2B9A93943F}.Debug|x64.ActiveCfg = Debug|Any CPU
		{F970991A-C3AA-4605-A99E-3E2B9A93943F}.Debug|x64.Build.0 = Debug|Any CPU
		{F970991A-C3AA-4605-A99E-3E2B9A93943F}.Debug|x86.ActiveCfg = Debug|Any CPU
		{F970991A-C3AA-4605-A99E-3E2B9A93943F}.Debug|x86.Build.0 = Debug|Any CPU
		{F970991A-C3AA-4605-A99E-3E2B9A93943F}.Release|Any CPU.ActiveCfg = Release|Any CPU
		{F970991A-C3AA-4605-A99E-3E2B9A93943F}.Release|Any CPU.Build.0 = Release|Any CPU
		{F970991A-C3AA-4605-A99E-3E2B9A93943F}.Release|x64.ActiveCfg = Release|Any CPU
		{F970991A-C3AA-4605-A99E-3E2B9A93943F}.Release|x64.Build.0 = Release|Any CPU
		{F970991A-C3AA-4605-A99E-3E2B9A93943F}.Release|x86.ActiveCfg = Release|Any CPU
		{F970991A-C3AA-4605-A99E-3E2B9A93943F}.Release|x86.Build.0 = Release|Any CPU
	EndGlobalSection
	GlobalSection(SolutionProperties) = preSolution
		HideSolutionNode = FALSE
	EndGlobalSection
	GlobalSection(NestedProjects) = preSolution
		{E0F25441-4A31-4C58-90F0-7CA97C026418} = {827E0CD3-B72D-47B6-A68D-7590B98EB39B}
		{12601929-63AB-4C89-ADEC-00435F890ECC} = {827E0CD3-B72D-47B6-A68D-7590B98EB39B}
		{A4DD3540-9F33-4D38-A995-E7C06D56E868} = {827E0CD3-B72D-47B6-A68D-7590B98EB39B}
		{1D113EB2-1856-4B24-8BA6-54195E727A27} = {827E0CD3-B72D-47B6-A68D-7590B98EB39B}
		{F970991A-C3AA-4605-A99E-3E2B9A93943F} = {827E0CD3-B72D-47B6-A68D-7590B98EB39B}
	EndGlobalSection
EndGlobal
